{
  "requires": true,
  "lockfileVersion": 1,
  "dependencies": {
    "@mlabs-haskell/json-bigint": {
      "version": "1.0.0",
      "resolved": "https://registry.npmjs.org/@mlabs-haskell/json-bigint/-/json-bigint-1.0.0.tgz",
      "integrity": "sha512-Opo07yXP/OU9mIoGmY5VVuDy5kxmb3fBAG3U9dbC15qK1OCpVLJAlxbdOfBmLOja94SnIfZINUU2xvYtVfk65w==",
      "requires": {
        "bignumber.js": "^9.0.0"
      }
    },
    "bignumber.js": {
      "version": "9.1.1",
      "resolved": "https://registry.npmjs.org/bignumber.js/-/bignumber.js-9.1.1.tgz",
      "integrity": "sha512-pHm4LsMJ6lzgNGVfZHjMoO8sdoRhOzOH4MLmY65Jg70bpxCKu5iOHNJyfF6OyvYw7t8Fpf35RuzUyqnQsj8Vig=="
    }
  }
}
