{
  "name": "purescript-aeson",
  "lockfileVersion": 2,
  "requires": true,
  "packages": {
    "": {
      "dependencies": {
        "@mlabs-haskell/json-bigint": "^2.0.0",
        "big-integer": "^1.6.51"
      }
    },
    "node_modules/@mlabs-haskell/json-bigint": {
      "version": "2.0.0",
      "resolved": "https://registry.npmjs.org/@mlabs-haskell/json-bigint/-/json-bigint-2.0.0.tgz",
      "integrity": "sha512-JX9TON+nZbt+1TJ5MNV1Gcpxp3/m56x1/glDwzGtydrzQzyZbKg4XFw9Frib6fh89YVqjSFJ9xmVeIyDJ5DxTQ=="
    },
    "node_modules/big-integer": {
      "version": "1.6.51",
      "resolved": "https://registry.npmjs.org/big-integer/-/big-integer-1.6.51.tgz",
      "integrity": "sha512-GPEid2Y9QU1Exl1rpO9B2IPJGHPSupF5GnVIP0blYvNOMer2bTvSWs1jGOUg04hTmu67nmLsQ9TBo1puaotBHg==",
      "engines": {
        "node": ">=0.6"
      }
    }
  },
  "dependencies": {
    "@mlabs-haskell/json-bigint": {
      "version": "2.0.0",
      "resolved": "https://registry.npmjs.org/@mlabs-haskell/json-bigint/-/json-bigint-2.0.0.tgz",
      "integrity": "sha512-JX9TON+nZbt+1TJ5MNV1Gcpxp3/m56x1/glDwzGtydrzQzyZbKg4XFw9Frib6fh89YVqjSFJ9xmVeIyDJ5DxTQ=="
    },
    "big-integer": {
      "version": "1.6.51",
      "resolved": "https://registry.npmjs.org/big-integer/-/big-integer-1.6.51.tgz",
      "integrity": "sha512-GPEid2Y9QU1Exl1rpO9B2IPJGHPSupF5GnVIP0blYvNOMer2bTvSWs1jGOUg04hTmu67nmLsQ9TBo1puaotBHg=="
    }
  }
}
